# This file is automatically @generated by Cargo.
# It is not intended for manual editing.
version = 3

[[package]]
name = "json"
version = "0.12.4"
source = "registry+https://github.com/rust-lang/crates.io-index"
checksum = "078e285eafdfb6c4b434e0d31e8cfcb5115b651496faca5749b88fafd4f23bfd"

[[package]]
name = "primes"
version = "0.3.0"
source = "registry+https://github.com/rust-lang/crates.io-index"
checksum = "68a61082d8bceecd71a3870e9162002bb75f7ba9c7aa8b76227e887782fef9c8"

[[package]]
name = "problem_1"
version = "0.0.0"
dependencies = [
 "json",
 "primes",
]
